
Microsoft Visual Studio Solution File, Format Version 12.00
# Visual Studio 15
VisualStudioVersion = 15.0.27428.2043
MinimumVisualStudioVersion = 10.0.40219.1
Project("{FAE04EC0-301F-11D3-BF4B-00C04F79EFBC}") = "VST.NET", "VST.NET.csproj", "{D608DA11-0010-49F8-8075-FC63EC657E9A}"
EndProject
Global
	GlobalSection(SolutionConfigurationPlatforms) = preSolution
		Debug|Any CPU = Debug|Any CPU
		Release|Any CPU = Release|Any CPU
	EndGlobalSection
	GlobalSection(ProjectConfigurationPlatforms) = postSolution
		{D608DA11-0010-49F8-8075-FC63EC657E9A}.Debug|Any CPU.ActiveCfg = Debug|Any CPU
		{D608DA11-0010-49F8-8075-FC63EC657E9A}.Debug|Any CPU.Build.0 = Debug|Any CPU
		{D608DA11-0010-49F8-8075-FC63EC657E9A}.Release|Any CPU.ActiveCfg = Release|Any CPU
		{D608DA11-0010-49F8-8075-FC63EC657E9A}.Release|Any CPU.Build.0 = Release|Any CPU
	EndGlobalSection
	GlobalSection(SolutionProperties) = preSolution
		HideSolutionNode = FALSE
	EndGlobalSection
	GlobalSection(ExtensibilityGlobals) = postSolution
		SolutionGuid = {42A073DE-F2A9-44EF-A664-E79E44B3AD50}
	EndGlobalSection
EndGlobal
